// !$*UTF8*$!
{
	archiveVersion = 1;
	classes = {
	};
	objectVersion = 77;
	objects = {

/* Begin PBXBuildFile section */
		45059F5B2D1EBB7500D75D8E /* mangasPreview.json in Resources */ = {isa = PBXBuildFile; fileRef = 45059F5A2D1EBB7500D75D8E /* mangasPreview.json */; };
		45059F5D2D1EBB9C00D75D8E /* RepositoryRemotePreview.swift in Sources */ = {isa = PBXBuildFile; fileRef = 45059F5C2D1EBB9C00D75D8E /* RepositoryRemotePreview.swift */; };
		45059F5F2D1EBF2F00D75D8E /* CachedImageViewModel.swift in Sources */ = {isa = PBXBuildFile; fileRef = 45059F5E2D1EBF2F00D75D8E /* CachedImageViewModel.swift */; };
		45059F612D1EBF4800D75D8E /* ImageDownloader.swift in Sources */ = {isa = PBXBuildFile; fileRef = 45059F602D1EBF4800D75D8E /* ImageDownloader.swift */; };
		45059F652D1EBFCF00D75D8E /* Image.swift in Sources */ = {isa = PBXBuildFile; fileRef = 45059F642D1EBFCF00D75D8E /* Image.swift */; };
		45059F672D1EC53600D75D8E /* MangaGridCachedImageView.swift in Sources */ = {isa = PBXBuildFile; fileRef = 45059F662D1EC53600D75D8E /* MangaGridCachedImageView.swift */; };
		45059F692D1EC61F00D75D8E /* PreviewData.swift in Sources */ = {isa = PBXBuildFile; fileRef = 45059F682D1EC61F00D75D8E /* PreviewData.swift */; };
		45059F6B2D1F1C1600D75D8E /* MangaDetailView.swift in Sources */ = {isa = PBXBuildFile; fileRef = 45059F6A2D1F1C1600D75D8E /* MangaDetailView.swift */; };
		45059F6D2D1F241300D75D8E /* StatusCases.swift in Sources */ = {isa = PBXBuildFile; fileRef = 45059F6C2D1F241300D75D8E /* StatusCases.swift */; };
		453EF64D2D1ACF23001E6478 /* Preview Assets.xcassets in Resources */ = {isa = PBXBuildFile; fileRef = 453EF6472D1ACF23001E6478 /* Preview Assets.xcassets */; };
		453EF64E2D1ACF23001E6478 /* Assets.xcassets in Resources */ = {isa = PBXBuildFile; fileRef = 453EF6492D1ACF23001E6478 /* Assets.xcassets */; };
		453EF64F2D1ACF23001E6478 /* EntryViewIPhone.swift in Sources */ = {isa = PBXBuildFile; fileRef = 453EF64A2D1ACF23001E6478 /* EntryViewIPhone.swift */; };
		453EF6502D1ACF23001E6478 /* MisMangasApp.swift in Sources */ = {isa = PBXBuildFile; fileRef = 453EF64B2D1ACF23001E6478 /* MisMangasApp.swift */; };
		453EF65E2D1D5DA9001E6478 /* Metadata.swift in Sources */ = {isa = PBXBuildFile; fileRef = 453EF65D2D1D5DA9001E6478 /* Metadata.swift */; };
		453EF6602D1D5DD7001E6478 /* Author.swift in Sources */ = {isa = PBXBuildFile; fileRef = 453EF65F2D1D5DD7001E6478 /* Author.swift */; };
		453EF6622D1D5E6A001E6478 /* GenreCases.swift in Sources */ = {isa = PBXBuildFile; fileRef = 453EF6612D1D5E6A001E6478 /* GenreCases.swift */; };
		453EF6662D1D5ECA001E6478 /* ThemeCases.swift in Sources */ = {isa = PBXBuildFile; fileRef = 453EF6652D1D5ECA001E6478 /* ThemeCases.swift */; };
		453EF6682D1D5FA1001E6478 /* DemographicCases.swift in Sources */ = {isa = PBXBuildFile; fileRef = 453EF6672D1D5FA1001E6478 /* DemographicCases.swift */; };
		453EF66A2D1D5FCB001E6478 /* Manga.swift in Sources */ = {isa = PBXBuildFile; fileRef = 453EF6692D1D5FCB001E6478 /* Manga.swift */; };
		453EF66C2D1D634A001E6478 /* PaginatedMangaResponse.swift in Sources */ = {isa = PBXBuildFile; fileRef = 453EF66B2D1D634A001E6478 /* PaginatedMangaResponse.swift */; };
		453EF6752D1D734F001E6478 /* URL.swift in Sources */ = {isa = PBXBuildFile; fileRef = 453EF6742D1D734F001E6478 /* URL.swift */; };
		453EF6772D1D7786001E6478 /* Endpoints.swift in Sources */ = {isa = PBXBuildFile; fileRef = 453EF6762D1D7786001E6478 /* Endpoints.swift */; };
		453EF67A2D1D7B18001E6478 /* HTTPMethod.swift in Sources */ = {isa = PBXBuildFile; fileRef = 453EF6792D1D7B18001E6478 /* HTTPMethod.swift */; };
		453EF67C2D1D7B3C001E6478 /* URLRequest.swift in Sources */ = {isa = PBXBuildFile; fileRef = 453EF67B2D1D7B3C001E6478 /* URLRequest.swift */; };
		453EF67E2D1DC706001E6478 /* URLSession.swift in Sources */ = {isa = PBXBuildFile; fileRef = 453EF67D2D1DC706001E6478 /* URLSession.swift */; };
		453EF6802D1DC75A001E6478 /* NetworkError.swift in Sources */ = {isa = PBXBuildFile; fileRef = 453EF67F2D1DC75A001E6478 /* NetworkError.swift */; };
		453EF6822D1DC9C8001E6478 /* NetworkInteractor.swift in Sources */ = {isa = PBXBuildFile; fileRef = 453EF6812D1DC9C8001E6478 /* NetworkInteractor.swift */; };
		453EF6842D1DCE51001E6478 /* RepositoryRemoteProtocol.swift in Sources */ = {isa = PBXBuildFile; fileRef = 453EF6832D1DCE51001E6478 /* RepositoryRemoteProtocol.swift */; };
		453EF6862D1DCF5A001E6478 /* RepositoryRemote.swift in Sources */ = {isa = PBXBuildFile; fileRef = 453EF6852D1DCF5A001E6478 /* RepositoryRemote.swift */; };
		453EF6882D1DD3E7001E6478 /* MangasViewModel.swift in Sources */ = {isa = PBXBuildFile; fileRef = 453EF6872D1DD3E7001E6478 /* MangasViewModel.swift */; };
		453EF68D2D1DD6E6001E6478 /* MangasView.swift in Sources */ = {isa = PBXBuildFile; fileRef = 453EF68C2D1DD6E6001E6478 /* MangasView.swift */; };
		4595810B2D299A75007F295F /* MangaInCollectionDetailView.swift in Sources */ = {isa = PBXBuildFile; fileRef = 4595810A2D299A75007F295F /* MangaInCollectionDetailView.swift */; };
		4595810D2D29B113007F295F /* EditingMangaInCollectionSheetView.swift in Sources */ = {isa = PBXBuildFile; fileRef = 4595810C2D29B113007F295F /* EditingMangaInCollectionSheetView.swift */; };
		4595810F2D29B157007F295F /* MyCollectionEditViewModel.swift in Sources */ = {isa = PBXBuildFile; fileRef = 4595810E2D29B157007F295F /* MyCollectionEditViewModel.swift */; };
		459581222D2A985B007F295F /* OrderByToolbar.swift in Sources */ = {isa = PBXBuildFile; fileRef = 459581212D2A985B007F295F /* OrderByToolbar.swift */; };
		45AE9B1D2D1EA76E00B7CC6B /* Genre.swift in Sources */ = {isa = PBXBuildFile; fileRef = 45AE9B1C2D1EA76E00B7CC6B /* Genre.swift */; };
		45AE9B1F2D1EA7E400B7CC6B /* Theme.swift in Sources */ = {isa = PBXBuildFile; fileRef = 45AE9B1E2D1EA7E400B7CC6B /* Theme.swift */; };
		45AE9B212D1EA7EF00B7CC6B /* Demographic.swift in Sources */ = {isa = PBXBuildFile; fileRef = 45AE9B202D1EA7EF00B7CC6B /* Demographic.swift */; };
		45BD121D2D23F42A0091707B /* FilterFormSheetView.swift in Sources */ = {isa = PBXBuildFile; fileRef = 45BD121C2D23F42A0091707B /* FilterFormSheetView.swift */; };
		45BD12202D23F49D0091707B /* CustomSearch.swift in Sources */ = {isa = PBXBuildFile; fileRef = 45BD121F2D23F49D0091707B /* CustomSearch.swift */; };
		45C2540D2D285C620015FFA7 /* MangaInCollection.swift in Sources */ = {isa = PBXBuildFile; fileRef = 45C2540C2D285C620015FFA7 /* MangaInCollection.swift */; };
		45C2540F2D285D5F0015FFA7 /* RepositoryLocal.swift in Sources */ = {isa = PBXBuildFile; fileRef = 45C2540E2D285D5F0015FFA7 /* RepositoryLocal.swift */; };
		45C254112D2861D70015FFA7 /* MyCollectionViewModel.swift in Sources */ = {isa = PBXBuildFile; fileRef = 45C254102D2861D70015FFA7 /* MyCollectionViewModel.swift */; };
		45C254132D286BF60015FFA7 /* RepositoryLocalPreview.swift in Sources */ = {isa = PBXBuildFile; fileRef = 45C254122D286BF60015FFA7 /* RepositoryLocalPreview.swift */; };
		45E1A37C2D23F5980071230E /* CustomSearchViewModel.swift in Sources */ = {isa = PBXBuildFile; fileRef = 45E1A37B2D23F5980071230E /* CustomSearchViewModel.swift */; };
		45E1A37E2D2414400071230E /* FilterSelectionView.swift in Sources */ = {isa = PBXBuildFile; fileRef = 45E1A37D2D2414400071230E /* FilterSelectionView.swift */; };
		45E1A3842D2418130071230E /* FilterOptionCases.swift in Sources */ = {isa = PBXBuildFile; fileRef = 45E1A3832D2418130071230E /* FilterOptionCases.swift */; };
		45E1A38E2D280DBF0071230E /* CollectionView.swift in Sources */ = {isa = PBXBuildFile; fileRef = 45E1A38D2D280DBF0071230E /* CollectionView.swift */; };
		45E1A3902D2851D00071230E /* RepositoryLocalProtocol.swift in Sources */ = {isa = PBXBuildFile; fileRef = 45E1A38F2D2851D00071230E /* RepositoryLocalProtocol.swift */; };
		45E7E8A62D40F53E0070CD53 /* ExploreMangasByView.swift in Sources */ = {isa = PBXBuildFile; fileRef = 45E7E8A52D40F53E0070CD53 /* ExploreMangasByView.swift */; };
		45E7E8A82D416EFC0070CD53 /* ExploreRow.swift in Sources */ = {isa = PBXBuildFile; fileRef = 45E7E8A72D416EFC0070CD53 /* ExploreRow.swift */; };
		45E7E8AA2D4171420070CD53 /* ExploreNoMangasFoundView.swift in Sources */ = {isa = PBXBuildFile; fileRef = 45E7E8A92D4171420070CD53 /* ExploreNoMangasFoundView.swift */; };
		45F70C1D2D351A2800082294 /* ExploreView.swift in Sources */ = {isa = PBXBuildFile; fileRef = 45F70C1C2D351A2800082294 /* ExploreView.swift */; };
		45F70C1F2D36676B00082294 /* ExploreViewModel.swift in Sources */ = {isa = PBXBuildFile; fileRef = 45F70C1E2D36676B00082294 /* ExploreViewModel.swift */; };
		45F70C212D367A5900082294 /* ExploreOptions.swift in Sources */ = {isa = PBXBuildFile; fileRef = 45F70C202D367A5900082294 /* ExploreOptions.swift */; };
		45F70C272D37D39B00082294 /* authorsPreview.json in Resources */ = {isa = PBXBuildFile; fileRef = 45F70C262D37D39B00082294 /* authorsPreview.json */; };
		45F70C2D2D383D7600082294 /* MangaListCachedImageView.swift in Sources */ = {isa = PBXBuildFile; fileRef = 45F70C2C2D383D7600082294 /* MangaListCachedImageView.swift */; };
		45F70C342D392E3600082294 /* EntryViewIPad.swift in Sources */ = {isa = PBXBuildFile; fileRef = 45F70C332D392E3600082294 /* EntryViewIPad.swift */; };
		45F70C3C2D392F0300082294 /* MangasViewIPad.swift in Sources */ = {isa = PBXBuildFile; fileRef = 45F70C3B2D392F0300082294 /* MangasViewIPad.swift */; };
		45F70C3E2D39311C00082294 /* MangaGridCachedImageViewIPad.swift in Sources */ = {isa = PBXBuildFile; fileRef = 45F70C3D2D39311C00082294 /* MangaGridCachedImageViewIPad.swift */; };
		45F70C402D39331600082294 /* ExploreViewIpad.swift in Sources */ = {isa = PBXBuildFile; fileRef = 45F70C3F2D39331600082294 /* ExploreViewIpad.swift */; };
		45F70C422D39386800082294 /* MangaListCachedImageViewIpad.swift in Sources */ = {isa = PBXBuildFile; fileRef = 45F70C412D39386800082294 /* MangaListCachedImageViewIpad.swift */; };
		45F70C442D39726F00082294 /* CollectionViewIPad.swift in Sources */ = {isa = PBXBuildFile; fileRef = 45F70C432D39726F00082294 /* CollectionViewIPad.swift */; };
		45F70C462D3973E300082294 /* Text.swift in Sources */ = {isa = PBXBuildFile; fileRef = 45F70C452D3973E300082294 /* Text.swift */; };
		45F70C482D3985D000082294 /* ProgressView.swift in Sources */ = {isa = PBXBuildFile; fileRef = 45F70C472D3985D000082294 /* ProgressView.swift */; };
		45F70C4A2D398A5F00082294 /* Label.swift in Sources */ = {isa = PBXBuildFile; fileRef = 45F70C492D398A5F00082294 /* Label.swift */; };
		45F70C4C2D398D7400082294 /* MangaRow.swift in Sources */ = {isa = PBXBuildFile; fileRef = 45F70C4B2D398D7400082294 /* MangaRow.swift */; };
		45F70C4E2D398E8C00082294 /* MangaRowIpad.swift in Sources */ = {isa = PBXBuildFile; fileRef = 45F70C4D2D398E8C00082294 /* MangaRowIpad.swift */; };
		45F70C502D39996200082294 /* ExploreMangaRow.swift in Sources */ = {isa = PBXBuildFile; fileRef = 45F70C4F2D39996200082294 /* ExploreMangaRow.swift */; };
		45F70C522D39997D00082294 /* AuthorRow.swift in Sources */ = {isa = PBXBuildFile; fileRef = 45F70C512D39997D00082294 /* AuthorRow.swift */; };
		45F70C5A2D399A5C00082294 /* HeaderSectionView.swift in Sources */ = {isa = PBXBuildFile; fileRef = 45F70C592D399A5C00082294 /* HeaderSectionView.swift */; };
		45F70C5C2D3AC56D00082294 /* SubmenuExploreView.swift in Sources */ = {isa = PBXBuildFile; fileRef = 45F70C5B2D3AC56D00082294 /* SubmenuExploreView.swift */; };
		45F70C5E2D3ACA4400082294 /* Vstack.swift in Sources */ = {isa = PBXBuildFile; fileRef = 45F70C5D2D3ACA4400082294 /* Vstack.swift */; };
		45F70C622D3AD48300082294 /* MyCollectionIsEmptyView.swift in Sources */ = {isa = PBXBuildFile; fileRef = 45F70C612D3AD48300082294 /* MyCollectionIsEmptyView.swift */; };
		45F70C642D3ADBA600082294 /* MangadetailImageView.swift in Sources */ = {isa = PBXBuildFile; fileRef = 45F70C632D3ADBA600082294 /* MangadetailImageView.swift */; };
		45F70C672D3ADCF700082294 /* MangaDetailInfoView.swift in Sources */ = {isa = PBXBuildFile; fileRef = 45F70C662D3ADCF700082294 /* MangaDetailInfoView.swift */; };
		45F70C692D3ADE2E00082294 /* MangaDetailSinopsysView.swift in Sources */ = {isa = PBXBuildFile; fileRef = 45F70C682D3ADE2E00082294 /* MangaDetailSinopsysView.swift */; };
		45F70C6B2D3ADF8200082294 /* MangaDetailAuthorsView.swift in Sources */ = {isa = PBXBuildFile; fileRef = 45F70C6A2D3ADF8200082294 /* MangaDetailAuthorsView.swift */; };
		45F70C6D2D3ADFCE00082294 /* MangaDetailGenresThemesView.swift in Sources */ = {isa = PBXBuildFile; fileRef = 45F70C6C2D3ADFCE00082294 /* MangaDetailGenresThemesView.swift */; };
		45F70C752D3AE9F800082294 /* FilterFooterView.swift in Sources */ = {isa = PBXBuildFile; fileRef = 45F70C742D3AE9F800082294 /* FilterFooterView.swift */; };
		45F70C772D3AEA1B00082294 /* FilterByDemographicsView.swift in Sources */ = {isa = PBXBuildFile; fileRef = 45F70C762D3AEA1B00082294 /* FilterByDemographicsView.swift */; };
		45F70C792D3AEA4A00082294 /* FilterByThemeView.swift in Sources */ = {isa = PBXBuildFile; fileRef = 45F70C782D3AEA4A00082294 /* FilterByThemeView.swift */; };
		45F70C7B2D3AEA6D00082294 /* FilterByTitleAuthorView.swift in Sources */ = {isa = PBXBuildFile; fileRef = 45F70C7A2D3AEA6D00082294 /* FilterByTitleAuthorView.swift */; };
		45F70C7D2D3AEA8100082294 /* FilterByGenresView.swift in Sources */ = {isa = PBXBuildFile; fileRef = 45F70C7C2D3AEA8100082294 /* FilterByGenresView.swift */; };
		45F70C7F2D3AEC9F00082294 /* MangaAddToCollectionButton.swift in Sources */ = {isa = PBXBuildFile; fileRef = 45F70C7E2D3AEC9F00082294 /* MangaAddToCollectionButton.swift */; };
		45F70C812D3BB57200082294 /* MangaInCollectionDetailInfoView.swift in Sources */ = {isa = PBXBuildFile; fileRef = 45F70C802D3BB57200082294 /* MangaInCollectionDetailInfoView.swift */; };
		45F70C832D3BB5B700082294 /* MangaInCollectionDetailMainInfo.swift in Sources */ = {isa = PBXBuildFile; fileRef = 45F70C822D3BB5B700082294 /* MangaInCollectionDetailMainInfo.swift */; };
		45F70C852D3BB5CA00082294 /* MangaInCollectionDetailStatus.swift in Sources */ = {isa = PBXBuildFile; fileRef = 45F70C842D3BB5CA00082294 /* MangaInCollectionDetailStatus.swift */; };
		45F70C892D3BBBC600082294 /* EditingMangaVolumeSection.swift in Sources */ = {isa = PBXBuildFile; fileRef = 45F70C882D3BBBC600082294 /* EditingMangaVolumeSection.swift */; };
		45F70C8B2D3BC08A00082294 /* MangaRemoveAlert.swift in Sources */ = {isa = PBXBuildFile; fileRef = 45F70C8A2D3BC08A00082294 /* MangaRemoveAlert.swift */; };
		45F70C8D2D3D10C300082294 /* BestMangaRowIPad.swift in Sources */ = {isa = PBXBuildFile; fileRef = 45F70C8C2D3D10C300082294 /* BestMangaRowIPad.swift */; };
		45F70C8F2D3D1A8900082294 /* animeace.ttf in Resources */ = {isa = PBXBuildFile; fileRef = 45F70C8E2D3D1A8900082294 /* animeace.ttf */; };
		45F70C922D3D1D9100082294 /* Font.swift in Sources */ = {isa = PBXBuildFile; fileRef = 45F70C912D3D1D9100082294 /* Font.swift */; };
		45F70C942D3D254C00082294 /* Localizable.xcstrings in Resources */ = {isa = PBXBuildFile; fileRef = 45F70C932D3D254C00082294 /* Localizable.xcstrings */; };
		45F70C962D3FC17F00082294 /* MangaContextMenu.swift in Sources */ = {isa = PBXBuildFile; fileRef = 45F70C952D3FC17F00082294 /* MangaContextMenu.swift */; };
		45F7DA2C2D29463000B17DDD /* collectionPreview.json in Resources */ = {isa = PBXBuildFile; fileRef = 45F7DA2B2D29463000B17DDD /* collectionPreview.json */; };
/* End PBXBuildFile section */

/* Begin PBXFileReference section */
		45059F5A2D1EBB7500D75D8E /* mangasPreview.json */ = {isa = PBXFileReference; lastKnownFileType = text.json; path = mangasPreview.json; sourceTree = "<group>"; };
		45059F5C2D1EBB9C00D75D8E /* RepositoryRemotePreview.swift */ = {isa = PBXFileReference; lastKnownFileType = sourcecode.swift; path = RepositoryRemotePreview.swift; sourceTree = "<group>"; };
		45059F5E2D1EBF2F00D75D8E /* CachedImageViewModel.swift */ = {isa = PBXFileReference; lastKnownFileType = sourcecode.swift; path = CachedImageViewModel.swift; sourceTree = "<group>"; };
		45059F602D1EBF4800D75D8E /* ImageDownloader.swift */ = {isa = PBXFileReference; lastKnownFileType = sourcecode.swift; path = ImageDownloader.swift; sourceTree = "<group>"; };
		45059F642D1EBFCF00D75D8E /* Image.swift */ = {isa = PBXFileReference; lastKnownFileType = sourcecode.swift; path = Image.swift; sourceTree = "<group>"; };
		45059F662D1EC53600D75D8E /* MangaGridCachedImageView.swift */ = {isa = PBXFileReference; lastKnownFileType = sourcecode.swift; path = MangaGridCachedImageView.swift; sourceTree = "<group>"; };
		45059F682D1EC61F00D75D8E /* PreviewData.swift */ = {isa = PBXFileReference; lastKnownFileType = sourcecode.swift; path = PreviewData.swift; sourceTree = "<group>"; };
		45059F6A2D1F1C1600D75D8E /* MangaDetailView.swift */ = {isa = PBXFileReference; lastKnownFileType = sourcecode.swift; path = MangaDetailView.swift; sourceTree = "<group>"; };
		45059F6C2D1F241300D75D8E /* StatusCases.swift */ = {isa = PBXFileReference; lastKnownFileType = sourcecode.swift; path = StatusCases.swift; sourceTree = "<group>"; };
		453EF6362D1ACE99001E6478 /* MisMangas.app */ = {isa = PBXFileReference; explicitFileType = wrapper.application; includeInIndex = 0; path = MisMangas.app; sourceTree = BUILT_PRODUCTS_DIR; };
		453EF6472D1ACF23001E6478 /* Preview Assets.xcassets */ = {isa = PBXFileReference; lastKnownFileType = folder.assetcatalog; path = "Preview Assets.xcassets"; sourceTree = "<group>"; };
		453EF6492D1ACF23001E6478 /* Assets.xcassets */ = {isa = PBXFileReference; lastKnownFileType = folder.assetcatalog; path = Assets.xcassets; sourceTree = "<group>"; };
		453EF64A2D1ACF23001E6478 /* EntryViewIPhone.swift */ = {isa = PBXFileReference; lastKnownFileType = sourcecode.swift; path = EntryViewIPhone.swift; sourceTree = "<group>"; };
		453EF64B2D1ACF23001E6478 /* MisMangasApp.swift */ = {isa = PBXFileReference; lastKnownFileType = sourcecode.swift; path = MisMangasApp.swift; sourceTree = "<group>"; };
		453EF65D2D1D5DA9001E6478 /* Metadata.swift */ = {isa = PBXFileReference; lastKnownFileType = sourcecode.swift; path = Metadata.swift; sourceTree = "<group>"; };
		453EF65F2D1D5DD7001E6478 /* Author.swift */ = {isa = PBXFileReference; lastKnownFileType = sourcecode.swift; path = Author.swift; sourceTree = "<group>"; };
		453EF6612D1D5E6A001E6478 /* GenreCases.swift */ = {isa = PBXFileReference; lastKnownFileType = sourcecode.swift; path = GenreCases.swift; sourceTree = "<group>"; };
		453EF6652D1D5ECA001E6478 /* ThemeCases.swift */ = {isa = PBXFileReference; lastKnownFileType = sourcecode.swift; path = ThemeCases.swift; sourceTree = "<group>"; };
		453EF6672D1D5FA1001E6478 /* DemographicCases.swift */ = {isa = PBXFileReference; lastKnownFileType = sourcecode.swift; path = DemographicCases.swift; sourceTree = "<group>"; };
		453EF6692D1D5FCB001E6478 /* Manga.swift */ = {isa = PBXFileReference; lastKnownFileType = sourcecode.swift; path = Manga.swift; sourceTree = "<group>"; };
		453EF66B2D1D634A001E6478 /* PaginatedMangaResponse.swift */ = {isa = PBXFileReference; lastKnownFileType = sourcecode.swift; path = PaginatedMangaResponse.swift; sourceTree = "<group>"; };
		453EF6742D1D734F001E6478 /* URL.swift */ = {isa = PBXFileReference; lastKnownFileType = sourcecode.swift; path = URL.swift; sourceTree = "<group>"; };
		453EF6762D1D7786001E6478 /* Endpoints.swift */ = {isa = PBXFileReference; lastKnownFileType = sourcecode.swift; path = Endpoints.swift; sourceTree = "<group>"; };
		453EF6792D1D7B18001E6478 /* HTTPMethod.swift */ = {isa = PBXFileReference; lastKnownFileType = sourcecode.swift; path = HTTPMethod.swift; sourceTree = "<group>"; };
		453EF67B2D1D7B3C001E6478 /* URLRequest.swift */ = {isa = PBXFileReference; lastKnownFileType = sourcecode.swift; path = URLRequest.swift; sourceTree = "<group>"; };
		453EF67D2D1DC706001E6478 /* URLSession.swift */ = {isa = PBXFileReference; lastKnownFileType = sourcecode.swift; path = URLSession.swift; sourceTree = "<group>"; };
		453EF67F2D1DC75A001E6478 /* NetworkError.swift */ = {isa = PBXFileReference; lastKnownFileType = sourcecode.swift; path = NetworkError.swift; sourceTree = "<group>"; };
		453EF6812D1DC9C8001E6478 /* NetworkInteractor.swift */ = {isa = PBXFileReference; lastKnownFileType = sourcecode.swift; path = NetworkInteractor.swift; sourceTree = "<group>"; };
		453EF6832D1DCE51001E6478 /* RepositoryRemoteProtocol.swift */ = {isa = PBXFileReference; lastKnownFileType = sourcecode.swift; path = RepositoryRemoteProtocol.swift; sourceTree = "<group>"; };
		453EF6852D1DCF5A001E6478 /* RepositoryRemote.swift */ = {isa = PBXFileReference; lastKnownFileType = sourcecode.swift; path = RepositoryRemote.swift; sourceTree = "<group>"; };
		453EF6872D1DD3E7001E6478 /* MangasViewModel.swift */ = {isa = PBXFileReference; lastKnownFileType = sourcecode.swift; path = MangasViewModel.swift; sourceTree = "<group>"; };
		453EF68C2D1DD6E6001E6478 /* MangasView.swift */ = {isa = PBXFileReference; lastKnownFileType = sourcecode.swift; path = MangasView.swift; sourceTree = "<group>"; };
		4595810A2D299A75007F295F /* MangaInCollectionDetailView.swift */ = {isa = PBXFileReference; lastKnownFileType = sourcecode.swift; path = MangaInCollectionDetailView.swift; sourceTree = "<group>"; };
		4595810C2D29B113007F295F /* EditingMangaInCollectionSheetView.swift */ = {isa = PBXFileReference; lastKnownFileType = sourcecode.swift; path = EditingMangaInCollectionSheetView.swift; sourceTree = "<group>"; };
		4595810E2D29B157007F295F /* MyCollectionEditViewModel.swift */ = {isa = PBXFileReference; lastKnownFileType = sourcecode.swift; path = MyCollectionEditViewModel.swift; sourceTree = "<group>"; };
		459581212D2A985B007F295F /* OrderByToolbar.swift */ = {isa = PBXFileReference; lastKnownFileType = sourcecode.swift; path = OrderByToolbar.swift; sourceTree = "<group>"; };
		45AE9B1C2D1EA76E00B7CC6B /* Genre.swift */ = {isa = PBXFileReference; lastKnownFileType = sourcecode.swift; path = Genre.swift; sourceTree = "<group>"; };
		45AE9B1E2D1EA7E400B7CC6B /* Theme.swift */ = {isa = PBXFileReference; lastKnownFileType = sourcecode.swift; path = Theme.swift; sourceTree = "<group>"; };
		45AE9B202D1EA7EF00B7CC6B /* Demographic.swift */ = {isa = PBXFileReference; lastKnownFileType = sourcecode.swift; path = Demographic.swift; sourceTree = "<group>"; };
		45BD121C2D23F42A0091707B /* FilterFormSheetView.swift */ = {isa = PBXFileReference; lastKnownFileType = sourcecode.swift; path = FilterFormSheetView.swift; sourceTree = "<group>"; };
		45BD121F2D23F49D0091707B /* CustomSearch.swift */ = {isa = PBXFileReference; lastKnownFileType = sourcecode.swift; path = CustomSearch.swift; sourceTree = "<group>"; };
		45C2540C2D285C620015FFA7 /* MangaInCollection.swift */ = {isa = PBXFileReference; lastKnownFileType = sourcecode.swift; path = MangaInCollection.swift; sourceTree = "<group>"; };
		45C2540E2D285D5F0015FFA7 /* RepositoryLocal.swift */ = {isa = PBXFileReference; lastKnownFileType = sourcecode.swift; path = RepositoryLocal.swift; sourceTree = "<group>"; };
		45C254102D2861D70015FFA7 /* MyCollectionViewModel.swift */ = {isa = PBXFileReference; lastKnownFileType = sourcecode.swift; path = MyCollectionViewModel.swift; sourceTree = "<group>"; };
		45C254122D286BF60015FFA7 /* RepositoryLocalPreview.swift */ = {isa = PBXFileReference; lastKnownFileType = sourcecode.swift; path = RepositoryLocalPreview.swift; sourceTree = "<group>"; };
		45E1A37B2D23F5980071230E /* CustomSearchViewModel.swift */ = {isa = PBXFileReference; lastKnownFileType = sourcecode.swift; path = CustomSearchViewModel.swift; sourceTree = "<group>"; };
		45E1A37D2D2414400071230E /* FilterSelectionView.swift */ = {isa = PBXFileReference; lastKnownFileType = sourcecode.swift; path = FilterSelectionView.swift; sourceTree = "<group>"; };
		45E1A3832D2418130071230E /* FilterOptionCases.swift */ = {isa = PBXFileReference; lastKnownFileType = sourcecode.swift; path = FilterOptionCases.swift; sourceTree = "<group>"; };
		45E1A38D2D280DBF0071230E /* CollectionView.swift */ = {isa = PBXFileReference; lastKnownFileType = sourcecode.swift; path = CollectionView.swift; sourceTree = "<group>"; };
		45E1A38F2D2851D00071230E /* RepositoryLocalProtocol.swift */ = {isa = PBXFileReference; lastKnownFileType = sourcecode.swift; path = RepositoryLocalProtocol.swift; sourceTree = "<group>"; };
		45E7E8A52D40F53E0070CD53 /* ExploreMangasByView.swift */ = {isa = PBXFileReference; lastKnownFileType = sourcecode.swift; path = ExploreMangasByView.swift; sourceTree = "<group>"; };
		45E7E8A72D416EFC0070CD53 /* ExploreRow.swift */ = {isa = PBXFileReference; lastKnownFileType = sourcecode.swift; path = ExploreRow.swift; sourceTree = "<group>"; };
		45E7E8A92D4171420070CD53 /* ExploreNoMangasFoundView.swift */ = {isa = PBXFileReference; lastKnownFileType = sourcecode.swift; path = ExploreNoMangasFoundView.swift; sourceTree = "<group>"; };
		45F70C1C2D351A2800082294 /* ExploreView.swift */ = {isa = PBXFileReference; lastKnownFileType = sourcecode.swift; path = ExploreView.swift; sourceTree = "<group>"; };
		45F70C1E2D36676B00082294 /* ExploreViewModel.swift */ = {isa = PBXFileReference; lastKnownFileType = sourcecode.swift; path = ExploreViewModel.swift; sourceTree = "<group>"; };
		45F70C202D367A5900082294 /* ExploreOptions.swift */ = {isa = PBXFileReference; lastKnownFileType = sourcecode.swift; path = ExploreOptions.swift; sourceTree = "<group>"; };
		45F70C262D37D39B00082294 /* authorsPreview.json */ = {isa = PBXFileReference; lastKnownFileType = text.json; path = authorsPreview.json; sourceTree = "<group>"; };
		45F70C2C2D383D7600082294 /* MangaListCachedImageView.swift */ = {isa = PBXFileReference; lastKnownFileType = sourcecode.swift; path = MangaListCachedImageView.swift; sourceTree = "<group>"; };
		45F70C332D392E3600082294 /* EntryViewIPad.swift */ = {isa = PBXFileReference; lastKnownFileType = sourcecode.swift; path = EntryViewIPad.swift; sourceTree = "<group>"; };
		45F70C3B2D392F0300082294 /* MangasViewIPad.swift */ = {isa = PBXFileReference; lastKnownFileType = sourcecode.swift; path = MangasViewIPad.swift; sourceTree = "<group>"; };
		45F70C3D2D39311C00082294 /* MangaGridCachedImageViewIPad.swift */ = {isa = PBXFileReference; lastKnownFileType = sourcecode.swift; path = MangaGridCachedImageViewIPad.swift; sourceTree = "<group>"; };
		45F70C3F2D39331600082294 /* ExploreViewIpad.swift */ = {isa = PBXFileReference; lastKnownFileType = sourcecode.swift; path = ExploreViewIpad.swift; sourceTree = "<group>"; };
		45F70C412D39386800082294 /* MangaListCachedImageViewIpad.swift */ = {isa = PBXFileReference; lastKnownFileType = sourcecode.swift; path = MangaListCachedImageViewIpad.swift; sourceTree = "<group>"; };
		45F70C432D39726F00082294 /* CollectionViewIPad.swift */ = {isa = PBXFileReference; lastKnownFileType = sourcecode.swift; path = CollectionViewIPad.swift; sourceTree = "<group>"; };
		45F70C452D3973E300082294 /* Text.swift */ = {isa = PBXFileReference; lastKnownFileType = sourcecode.swift; path = Text.swift; sourceTree = "<group>"; };
		45F70C472D3985D000082294 /* ProgressView.swift */ = {isa = PBXFileReference; lastKnownFileType = sourcecode.swift; path = ProgressView.swift; sourceTree = "<group>"; };
		45F70C492D398A5F00082294 /* Label.swift */ = {isa = PBXFileReference; lastKnownFileType = sourcecode.swift; path = Label.swift; sourceTree = "<group>"; };
		45F70C4B2D398D7400082294 /* MangaRow.swift */ = {isa = PBXFileReference; lastKnownFileType = sourcecode.swift; path = MangaRow.swift; sourceTree = "<group>"; };
		45F70C4D2D398E8C00082294 /* MangaRowIpad.swift */ = {isa = PBXFileReference; lastKnownFileType = sourcecode.swift; path = MangaRowIpad.swift; sourceTree = "<group>"; };
		45F70C4F2D39996200082294 /* ExploreMangaRow.swift */ = {isa = PBXFileReference; lastKnownFileType = sourcecode.swift; path = ExploreMangaRow.swift; sourceTree = "<group>"; };
		45F70C512D39997D00082294 /* AuthorRow.swift */ = {isa = PBXFileReference; lastKnownFileType = sourcecode.swift; path = AuthorRow.swift; sourceTree = "<group>"; };
		45F70C592D399A5C00082294 /* HeaderSectionView.swift */ = {isa = PBXFileReference; lastKnownFileType = sourcecode.swift; path = HeaderSectionView.swift; sourceTree = "<group>"; };
		45F70C5B2D3AC56D00082294 /* SubmenuExploreView.swift */ = {isa = PBXFileReference; lastKnownFileType = sourcecode.swift; path = SubmenuExploreView.swift; sourceTree = "<group>"; };
		45F70C5D2D3ACA4400082294 /* Vstack.swift */ = {isa = PBXFileReference; lastKnownFileType = sourcecode.swift; path = Vstack.swift; sourceTree = "<group>"; };
		45F70C612D3AD48300082294 /* MyCollectionIsEmptyView.swift */ = {isa = PBXFileReference; lastKnownFileType = sourcecode.swift; path = MyCollectionIsEmptyView.swift; sourceTree = "<group>"; };
		45F70C632D3ADBA600082294 /* MangadetailImageView.swift */ = {isa = PBXFileReference; lastKnownFileType = sourcecode.swift; path = MangadetailImageView.swift; sourceTree = "<group>"; };
		45F70C662D3ADCF700082294 /* MangaDetailInfoView.swift */ = {isa = PBXFileReference; lastKnownFileType = sourcecode.swift; path = MangaDetailInfoView.swift; sourceTree = "<group>"; };
		45F70C682D3ADE2E00082294 /* MangaDetailSinopsysView.swift */ = {isa = PBXFileReference; lastKnownFileType = sourcecode.swift; path = MangaDetailSinopsysView.swift; sourceTree = "<group>"; };
		45F70C6A2D3ADF8200082294 /* MangaDetailAuthorsView.swift */ = {isa = PBXFileReference; lastKnownFileType = sourcecode.swift; path = MangaDetailAuthorsView.swift; sourceTree = "<group>"; };
		45F70C6C2D3ADFCE00082294 /* MangaDetailGenresThemesView.swift */ = {isa = PBXFileReference; lastKnownFileType = sourcecode.swift; path = MangaDetailGenresThemesView.swift; sourceTree = "<group>"; };
		45F70C742D3AE9F800082294 /* FilterFooterView.swift */ = {isa = PBXFileReference; lastKnownFileType = sourcecode.swift; path = FilterFooterView.swift; sourceTree = "<group>"; };
		45F70C762D3AEA1B00082294 /* FilterByDemographicsView.swift */ = {isa = PBXFileReference; lastKnownFileType = sourcecode.swift; path = FilterByDemographicsView.swift; sourceTree = "<group>"; };
		45F70C782D3AEA4A00082294 /* FilterByThemeView.swift */ = {isa = PBXFileReference; lastKnownFileType = sourcecode.swift; path = FilterByThemeView.swift; sourceTree = "<group>"; };
		45F70C7A2D3AEA6D00082294 /* FilterByTitleAuthorView.swift */ = {isa = PBXFileReference; lastKnownFileType = sourcecode.swift; path = FilterByTitleAuthorView.swift; sourceTree = "<group>"; };
		45F70C7C2D3AEA8100082294 /* FilterByGenresView.swift */ = {isa = PBXFileReference; lastKnownFileType = sourcecode.swift; path = FilterByGenresView.swift; sourceTree = "<group>"; };
		45F70C7E2D3AEC9F00082294 /* MangaAddToCollectionButton.swift */ = {isa = PBXFileReference; lastKnownFileType = sourcecode.swift; path = MangaAddToCollectionButton.swift; sourceTree = "<group>"; };
		45F70C802D3BB57200082294 /* MangaInCollectionDetailInfoView.swift */ = {isa = PBXFileReference; lastKnownFileType = sourcecode.swift; path = MangaInCollectionDetailInfoView.swift; sourceTree = "<group>"; };
		45F70C822D3BB5B700082294 /* MangaInCollectionDetailMainInfo.swift */ = {isa = PBXFileReference; lastKnownFileType = sourcecode.swift; path = MangaInCollectionDetailMainInfo.swift; sourceTree = "<group>"; };
		45F70C842D3BB5CA00082294 /* MangaInCollectionDetailStatus.swift */ = {isa = PBXFileReference; lastKnownFileType = sourcecode.swift; path = MangaInCollectionDetailStatus.swift; sourceTree = "<group>"; };
		45F70C882D3BBBC600082294 /* EditingMangaVolumeSection.swift */ = {isa = PBXFileReference; lastKnownFileType = sourcecode.swift; path = EditingMangaVolumeSection.swift; sourceTree = "<group>"; };
		45F70C8A2D3BC08A00082294 /* MangaRemoveAlert.swift */ = {isa = PBXFileReference; lastKnownFileType = sourcecode.swift; path = MangaRemoveAlert.swift; sourceTree = "<group>"; };
		45F70C8C2D3D10C300082294 /* BestMangaRowIPad.swift */ = {isa = PBXFileReference; lastKnownFileType = sourcecode.swift; path = BestMangaRowIPad.swift; sourceTree = "<group>"; };
		45F70C8E2D3D1A8900082294 /* animeace.ttf */ = {isa = PBXFileReference; lastKnownFileType = file; path = animeace.ttf; sourceTree = "<group>"; };
		45F70C902D3D1C1800082294 /* Info.plist */ = {isa = PBXFileReference; lastKnownFileType = text.plist; path = Info.plist; sourceTree = "<group>"; };
		45F70C912D3D1D9100082294 /* Font.swift */ = {isa = PBXFileReference; lastKnownFileType = sourcecode.swift; path = Font.swift; sourceTree = "<group>"; };
		45F70C932D3D254C00082294 /* Localizable.xcstrings */ = {isa = PBXFileReference; lastKnownFileType = text.json.xcstrings; path = Localizable.xcstrings; sourceTree = "<group>"; };
		45F70C952D3FC17F00082294 /* MangaContextMenu.swift */ = {isa = PBXFileReference; lastKnownFileType = sourcecode.swift; path = MangaContextMenu.swift; sourceTree = "<group>"; };
		45F7DA2B2D29463000B17DDD /* collectionPreview.json */ = {isa = PBXFileReference; lastKnownFileType = text.json; path = collectionPreview.json; sourceTree = "<group>"; };
/* End PBXFileReference section */

/* Begin PBXFrameworksBuildPhase section */
		453EF6332D1ACE99001E6478 /* Frameworks */ = {
			isa = PBXFrameworksBuildPhase;
			buildActionMask = 2147483647;
			files = (
			);
			runOnlyForDeploymentPostprocessing = 0;
		};
/* End PBXFrameworksBuildPhase section */

/* Begin PBXGroup section */
		453EF62D2D1ACE99001E6478 = {
			isa = PBXGroup;
			children = (
				453EF64C2D1ACF23001E6478 /* MisMangas */,
				453EF6372D1ACE99001E6478 /* Products */,
			);
			sourceTree = "<group>";
		};
		453EF6372D1ACE99001E6478 /* Products */ = {
			isa = PBXGroup;
			children = (
				453EF6362D1ACE99001E6478 /* MisMangas.app */,
			);
			name = Products;
			sourceTree = "<group>";
		};
		453EF6482D1ACF23001E6478 /* Preview Content */ = {
			isa = PBXGroup;
			children = (
				453EF6472D1ACF23001E6478 /* Preview Assets.xcassets */,
				45059F5C2D1EBB9C00D75D8E /* RepositoryRemotePreview.swift */,
				45C254122D286BF60015FFA7 /* RepositoryLocalPreview.swift */,
				45059F682D1EC61F00D75D8E /* PreviewData.swift */,
				45F7DA2B2D29463000B17DDD /* collectionPreview.json */,
				45059F5A2D1EBB7500D75D8E /* mangasPreview.json */,
				45F70C262D37D39B00082294 /* authorsPreview.json */,
			);
			path = "Preview Content";
			sourceTree = "<group>";
		};
		453EF64C2D1ACF23001E6478 /* MisMangas */ = {
			isa = PBXGroup;
			children = (
				45F70C902D3D1C1800082294 /* Info.plist */,
				45F70C932D3D254C00082294 /* Localizable.xcstrings */,
				453EF6482D1ACF23001E6478 /* Preview Content */,
				45F70C8E2D3D1A8900082294 /* animeace.ttf */,
				453EF6492D1ACF23001E6478 /* Assets.xcassets */,
				453EF6572D1D5845001E6478 /* Model */,
				453EF6562D1D5824001E6478 /* Network */,
				453EF6582D1D584C001E6478 /* Repository */,
				453EF65B2D1D5868001E6478 /* ViewModel */,
				453EF6512D1ACF59001E6478 /* View */,
				453EF64B2D1ACF23001E6478 /* MisMangasApp.swift */,
			);
			path = MisMangas;
			sourceTree = "<group>";
		};
		453EF6512D1ACF59001E6478 /* View */ = {
			isa = PBXGroup;
			children = (
				45F70C732D3AE80400082294 /* Devices */,
				459581132D29B2A9007F295F /* Shared */,
				453EF68B2D1DD6C2001E6478 /* Styles */,
				453EF68A2D1DD6B3001E6478 /* Components */,
			);
			path = View;
			sourceTree = "<group>";
		};
		453EF6562D1D5824001E6478 /* Network */ = {
			isa = PBXGroup;
			children = (
				453EF6782D1D7B0A001E6478 /* Enum */,
				453EF6742D1D734F001E6478 /* URL.swift */,
				453EF67B2D1D7B3C001E6478 /* URLRequest.swift */,
				453EF67D2D1DC706001E6478 /* URLSession.swift */,
				453EF6812D1DC9C8001E6478 /* NetworkInteractor.swift */,
			);
			path = Network;
			sourceTree = "<group>";
		};
		453EF6572D1D5845001E6478 /* Model */ = {
			isa = PBXGroup;
			children = (
				45C2540B2D285C3E0015FFA7 /* Collection */,
				45BD121E2D23F4800091707B /* Search */,
				453EF6632D1D5EB0001E6478 /* MangaResponse */,
				453EF6732D1D70D9001E6478 /* Enum */,
			);
			path = Model;
			sourceTree = "<group>";
		};
		453EF6582D1D584C001E6478 /* Repository */ = {
			isa = PBXGroup;
			children = (
				453EF65A2D1D585C001E6478 /* Local */,
				453EF6592D1D5853001E6478 /* Remote */,
			);
			path = Repository;
			sourceTree = "<group>";
		};
		453EF6592D1D5853001E6478 /* Remote */ = {
			isa = PBXGroup;
			children = (
				45059F602D1EBF4800D75D8E /* ImageDownloader.swift */,
				453EF6832D1DCE51001E6478 /* RepositoryRemoteProtocol.swift */,
				453EF6852D1DCF5A001E6478 /* RepositoryRemote.swift */,
			);
			path = Remote;
			sourceTree = "<group>";
		};
		453EF65A2D1D585C001E6478 /* Local */ = {
			isa = PBXGroup;
			children = (
				45E1A38F2D2851D00071230E /* RepositoryLocalProtocol.swift */,
				45C2540E2D285D5F0015FFA7 /* RepositoryLocal.swift */,
			);
			path = Local;
			sourceTree = "<group>";
		};
		453EF65B2D1D5868001E6478 /* ViewModel */ = {
			isa = PBXGroup;
			children = (
				459581142D29B2CE007F295F /* Shared */,
				459581152D29B2DD007F295F /* Mangas */,
				459581162D29B2FB007F295F /* Explore */,
				459581182D29B343007F295F /* Collection */,
			);
			path = ViewModel;
			sourceTree = "<group>";
		};
		453EF6632D1D5EB0001E6478 /* MangaResponse */ = {
			isa = PBXGroup;
			children = (
				453EF65D2D1D5DA9001E6478 /* Metadata.swift */,
				453EF65F2D1D5DD7001E6478 /* Author.swift */,
				453EF6692D1D5FCB001E6478 /* Manga.swift */,
				453EF66B2D1D634A001E6478 /* PaginatedMangaResponse.swift */,
				45AE9B1C2D1EA76E00B7CC6B /* Genre.swift */,
				45AE9B1E2D1EA7E400B7CC6B /* Theme.swift */,
				45AE9B202D1EA7EF00B7CC6B /* Demographic.swift */,
			);
			path = MangaResponse;
			sourceTree = "<group>";
		};
		453EF6732D1D70D9001E6478 /* Enum */ = {
			isa = PBXGroup;
			children = (
				453EF6612D1D5E6A001E6478 /* GenreCases.swift */,
				453EF6652D1D5ECA001E6478 /* ThemeCases.swift */,
				453EF6672D1D5FA1001E6478 /* DemographicCases.swift */,
				45059F6C2D1F241300D75D8E /* StatusCases.swift */,
				45E1A3832D2418130071230E /* FilterOptionCases.swift */,
			);
			path = Enum;
			sourceTree = "<group>";
		};
		453EF6782D1D7B0A001E6478 /* Enum */ = {
			isa = PBXGroup;
			children = (
				453EF6762D1D7786001E6478 /* Endpoints.swift */,
				453EF6792D1D7B18001E6478 /* HTTPMethod.swift */,
				453EF67F2D1DC75A001E6478 /* NetworkError.swift */,
			);
			path = Enum;
			sourceTree = "<group>";
		};
		453EF6892D1DD69A001E6478 /* iPhone */ = {
			isa = PBXGroup;
			children = (
				453EF64A2D1ACF23001E6478 /* EntryViewIPhone.swift */,
				459581102D29B24C007F295F /* Mangas */,
				459581112D29B269007F295F /* Explore */,
				459581122D29B28F007F295F /* Collection */,
			);
			path = iPhone;
			sourceTree = "<group>";
		};
		453EF68A2D1DD6B3001E6478 /* Components */ = {
			isa = PBXGroup;
			children = (
				45F70C412D39386800082294 /* MangaListCachedImageViewIpad.swift */,
				45F70C3D2D39311C00082294 /* MangaGridCachedImageViewIPad.swift */,
				45059F662D1EC53600D75D8E /* MangaGridCachedImageView.swift */,
				45F70C2C2D383D7600082294 /* MangaListCachedImageView.swift */,
				459581212D2A985B007F295F /* OrderByToolbar.swift */,
				45F70C592D399A5C00082294 /* HeaderSectionView.swift */,
				45F70C8A2D3BC08A00082294 /* MangaRemoveAlert.swift */,
				45F70C952D3FC17F00082294 /* MangaContextMenu.swift */,
			);
			path = Components;
			sourceTree = "<group>";
		};
		453EF68B2D1DD6C2001E6478 /* Styles */ = {
			isa = PBXGroup;
			children = (
				45059F642D1EBFCF00D75D8E /* Image.swift */,
				45F70C452D3973E300082294 /* Text.swift */,
				45F70C472D3985D000082294 /* ProgressView.swift */,
				45F70C492D398A5F00082294 /* Label.swift */,
				45F70C5D2D3ACA4400082294 /* Vstack.swift */,
				45F70C912D3D1D9100082294 /* Font.swift */,
			);
			path = Styles;
			sourceTree = "<group>";
		};
		459581102D29B24C007F295F /* Mangas */ = {
			isa = PBXGroup;
			children = (
				45F70C4B2D398D7400082294 /* MangaRow.swift */,
				453EF68C2D1DD6E6001E6478 /* MangasView.swift */,
			);
			path = Mangas;
			sourceTree = "<group>";
		};
		459581112D29B269007F295F /* Explore */ = {
			isa = PBXGroup;
			children = (
				45F70C1C2D351A2800082294 /* ExploreView.swift */,
				45E7E8A52D40F53E0070CD53 /* ExploreMangasByView.swift */,
			);
			path = Explore;
			sourceTree = "<group>";
		};
		459581122D29B28F007F295F /* Collection */ = {
			isa = PBXGroup;
			children = (
				45E1A38D2D280DBF0071230E /* CollectionView.swift */,
			);
			path = Collection;
			sourceTree = "<group>";
		};
		459581132D29B2A9007F295F /* Shared */ = {
			isa = PBXGroup;
			children = (
				45F70C702D3AE2DA00082294 /* Filter */,
				45F70C652D3ADBBA00082294 /* Detail */,
				45F70C6F2D3AE2B300082294 /* Explore */,
				45F70C6E2D3AE28B00082294 /* Collection */,
			);
			path = Shared;
			sourceTree = "<group>";
		};
		459581142D29B2CE007F295F /* Shared */ = {
			isa = PBXGroup;
			children = (
				45059F5E2D1EBF2F00D75D8E /* CachedImageViewModel.swift */,
				45E1A37B2D23F5980071230E /* CustomSearchViewModel.swift */,
			);
			path = Shared;
			sourceTree = "<group>";
		};
		459581152D29B2DD007F295F /* Mangas */ = {
			isa = PBXGroup;
			children = (
				453EF6872D1DD3E7001E6478 /* MangasViewModel.swift */,
			);
			path = Mangas;
			sourceTree = "<group>";
		};
		459581162D29B2FB007F295F /* Explore */ = {
			isa = PBXGroup;
			children = (
				45F70C1E2D36676B00082294 /* ExploreViewModel.swift */,
			);
			path = Explore;
			sourceTree = "<group>";
		};
		459581182D29B343007F295F /* Collection */ = {
			isa = PBXGroup;
			children = (
				45C254102D2861D70015FFA7 /* MyCollectionViewModel.swift */,
				4595810E2D29B157007F295F /* MyCollectionEditViewModel.swift */,
			);
			path = Collection;
			sourceTree = "<group>";
		};
		45BD121E2D23F4800091707B /* Search */ = {
			isa = PBXGroup;
			children = (
				45BD121F2D23F49D0091707B /* CustomSearch.swift */,
			);
			path = Search;
			sourceTree = "<group>";
		};
		45C2540B2D285C3E0015FFA7 /* Collection */ = {
			isa = PBXGroup;
			children = (
				45C2540C2D285C620015FFA7 /* MangaInCollection.swift */,
			);
			path = Collection;
			sourceTree = "<group>";
		};
		45F70C322D392C0600082294 /* iPad */ = {
			isa = PBXGroup;
			children = (
				45F70C332D392E3600082294 /* EntryViewIPad.swift */,
				45F70C372D392E9900082294 /* Mangas */,
				45F70C382D392EA100082294 /* Explore */,
				45F70C392D392EA900082294 /* Collection */,
			);
			path = iPad;
			sourceTree = "<group>";
		};
		45F70C372D392E9900082294 /* Mangas */ = {
			isa = PBXGroup;
			children = (
				45F70C4D2D398E8C00082294 /* MangaRowIpad.swift */,
				45F70C3B2D392F0300082294 /* MangasViewIPad.swift */,
			);
			path = Mangas;
			sourceTree = "<group>";
		};
		45F70C382D392EA100082294 /* Explore */ = {
			isa = PBXGroup;
			children = (
				45F70C8C2D3D10C300082294 /* BestMangaRowIPad.swift */,
				45F70C3F2D39331600082294 /* ExploreViewIpad.swift */,
			);
			path = Explore;
			sourceTree = "<group>";
		};
		45F70C392D392EA900082294 /* Collection */ = {
			isa = PBXGroup;
			children = (
				45F70C432D39726F00082294 /* CollectionViewIPad.swift */,
			);
			path = Collection;
			sourceTree = "<group>";
		};
		45F70C652D3ADBBA00082294 /* Detail */ = {
			isa = PBXGroup;
			children = (
				45F70C7E2D3AEC9F00082294 /* MangaAddToCollectionButton.swift */,
				45F70C6C2D3ADFCE00082294 /* MangaDetailGenresThemesView.swift */,
				45F70C6A2D3ADF8200082294 /* MangaDetailAuthorsView.swift */,
				45F70C682D3ADE2E00082294 /* MangaDetailSinopsysView.swift */,
				45F70C662D3ADCF700082294 /* MangaDetailInfoView.swift */,
				45059F6A2D1F1C1600D75D8E /* MangaDetailView.swift */,
				45F70C632D3ADBA600082294 /* MangadetailImageView.swift */,
			);
			path = Detail;
			sourceTree = "<group>";
		};
		45F70C6E2D3AE28B00082294 /* Collection */ = {
			isa = PBXGroup;
			children = (
				45F70C722D3AE30A00082294 /* Editing */,
				45F70C712D3AE2EA00082294 /* Detail */,
				45F70C612D3AD48300082294 /* MyCollectionIsEmptyView.swift */,
			);
			path = Collection;
			sourceTree = "<group>";
		};
		45F70C6F2D3AE2B300082294 /* Explore */ = {
			isa = PBXGroup;
			children = (
				45E7E8A92D4171420070CD53 /* ExploreNoMangasFoundView.swift */,
				45F70C202D367A5900082294 /* ExploreOptions.swift */,
				45F70C4F2D39996200082294 /* ExploreMangaRow.swift */,
				45E7E8A72D416EFC0070CD53 /* ExploreRow.swift */,
				45F70C512D39997D00082294 /* AuthorRow.swift */,
				45F70C5B2D3AC56D00082294 /* SubmenuExploreView.swift */,
			);
			path = Explore;
			sourceTree = "<group>";
		};
		45F70C702D3AE2DA00082294 /* Filter */ = {
			isa = PBXGroup;
			children = (
				45F70C7C2D3AEA8100082294 /* FilterByGenresView.swift */,
				45F70C7A2D3AEA6D00082294 /* FilterByTitleAuthorView.swift */,
				45F70C782D3AEA4A00082294 /* FilterByThemeView.swift */,
				45F70C762D3AEA1B00082294 /* FilterByDemographicsView.swift */,
				45F70C742D3AE9F800082294 /* FilterFooterView.swift */,
				45BD121C2D23F42A0091707B /* FilterFormSheetView.swift */,
				45E1A37D2D2414400071230E /* FilterSelectionView.swift */,
			);
			path = Filter;
			sourceTree = "<group>";
		};
		45F70C712D3AE2EA00082294 /* Detail */ = {
			isa = PBXGroup;
			children = (
				45F70C842D3BB5CA00082294 /* MangaInCollectionDetailStatus.swift */,
				45F70C822D3BB5B700082294 /* MangaInCollectionDetailMainInfo.swift */,
				45F70C802D3BB57200082294 /* MangaInCollectionDetailInfoView.swift */,
				4595810A2D299A75007F295F /* MangaInCollectionDetailView.swift */,
			);
			path = Detail;
			sourceTree = "<group>";
		};
		45F70C722D3AE30A00082294 /* Editing */ = {
			isa = PBXGroup;
			children = (
				45F70C882D3BBBC600082294 /* EditingMangaVolumeSection.swift */,
				4595810C2D29B113007F295F /* EditingMangaInCollectionSheetView.swift */,
			);
			path = Editing;
			sourceTree = "<group>";
		};
		45F70C732D3AE80400082294 /* Devices */ = {
			isa = PBXGroup;
			children = (
				45F70C322D392C0600082294 /* iPad */,
				453EF6892D1DD69A001E6478 /* iPhone */,
			);
			path = Devices;
			sourceTree = "<group>";
		};
/* End PBXGroup section */

/* Begin PBXNativeTarget section */
		453EF6352D1ACE99001E6478 /* MisMangas */ = {
			isa = PBXNativeTarget;
			buildConfigurationList = 453EF6442D1ACE9A001E6478 /* Build configuration list for PBXNativeTarget "MisMangas" */;
			buildPhases = (
				453EF6322D1ACE99001E6478 /* Sources */,
				453EF6332D1ACE99001E6478 /* Frameworks */,
				453EF6342D1ACE99001E6478 /* Resources */,
			);
			buildRules = (
			);
			dependencies = (
			);
			name = MisMangas;
			packageProductDependencies = (
			);
			productName = MisMangas;
			productReference = 453EF6362D1ACE99001E6478 /* MisMangas.app */;
			productType = "com.apple.product-type.application";
		};
/* End PBXNativeTarget section */

/* Begin PBXProject section */
		453EF62E2D1ACE99001E6478 /* Project object */ = {
			isa = PBXProject;
			attributes = {
				BuildIndependentTargetsInParallel = 1;
				LastSwiftUpdateCheck = 1620;
				LastUpgradeCheck = 1620;
				TargetAttributes = {
					453EF6352D1ACE99001E6478 = {
						CreatedOnToolsVersion = 16.2;
					};
				};
			};
			buildConfigurationList = 453EF6312D1ACE99001E6478 /* Build configuration list for PBXProject "MisMangas" */;
			developmentRegion = en;
			hasScannedForEncodings = 0;
			knownRegions = (
				en,
				es,
			);
			mainGroup = 453EF62D2D1ACE99001E6478;
			minimizedProjectReferenceProxies = 1;
			preferredProjectObjectVersion = 77;
			productRefGroup = 453EF6372D1ACE99001E6478 /* Products */;
			projectDirPath = "";
			projectRoot = "";
			targets = (
				453EF6352D1ACE99001E6478 /* MisMangas */,
			);
		};
/* End PBXProject section */

/* Begin PBXResourcesBuildPhase section */
		453EF6342D1ACE99001E6478 /* Resources */ = {
			isa = PBXResourcesBuildPhase;
			buildActionMask = 2147483647;
			files = (
				453EF64D2D1ACF23001E6478 /* Preview Assets.xcassets in Resources */,
				453EF64E2D1ACF23001E6478 /* Assets.xcassets in Resources */,
				45F7DA2C2D29463000B17DDD /* collectionPreview.json in Resources */,
				45059F5B2D1EBB7500D75D8E /* mangasPreview.json in Resources */,
				45F70C272D37D39B00082294 /* authorsPreview.json in Resources */,
				45F70C942D3D254C00082294 /* Localizable.xcstrings in Resources */,
				45F70C8F2D3D1A8900082294 /* animeace.ttf in Resources */,
			);
			runOnlyForDeploymentPostprocessing = 0;
		};
/* End PBXResourcesBuildPhase section */

/* Begin PBXSourcesBuildPhase section */
		453EF6322D1ACE99001E6478 /* Sources */ = {
			isa = PBXSourcesBuildPhase;
			buildActionMask = 2147483647;
			files = (
				453EF6682D1D5FA1001E6478 /* DemographicCases.swift in Sources */,
				45F70C6B2D3ADF8200082294 /* MangaDetailAuthorsView.swift in Sources */,
				45C254112D2861D70015FFA7 /* MyCollectionViewModel.swift in Sources */,
				45F70C7D2D3AEA8100082294 /* FilterByGenresView.swift in Sources */,
				45F70C4E2D398E8C00082294 /* MangaRowIpad.swift in Sources */,
				453EF68D2D1DD6E6001E6478 /* MangasView.swift in Sources */,
				45059F612D1EBF4800D75D8E /* ImageDownloader.swift in Sources */,
				45C254132D286BF60015FFA7 /* RepositoryLocalPreview.swift in Sources */,
				45F70C5E2D3ACA4400082294 /* Vstack.swift in Sources */,
				45F70C3C2D392F0300082294 /* MangasViewIPad.swift in Sources */,
				45059F6D2D1F241300D75D8E /* StatusCases.swift in Sources */,
				45F70C2D2D383D7600082294 /* MangaListCachedImageView.swift in Sources */,
				45F70C922D3D1D9100082294 /* Font.swift in Sources */,
				45BD121D2D23F42A0091707B /* FilterFormSheetView.swift in Sources */,
				45F70C1D2D351A2800082294 /* ExploreView.swift in Sources */,
				45F70C752D3AE9F800082294 /* FilterFooterView.swift in Sources */,
				45E1A3902D2851D00071230E /* RepositoryLocalProtocol.swift in Sources */,
				453EF67E2D1DC706001E6478 /* URLSession.swift in Sources */,
				45E7E8AA2D4171420070CD53 /* ExploreNoMangasFoundView.swift in Sources */,
				453EF64F2D1ACF23001E6478 /* EntryViewIPhone.swift in Sources */,
				453EF66A2D1D5FCB001E6478 /* Manga.swift in Sources */,
				45F70C1F2D36676B00082294 /* ExploreViewModel.swift in Sources */,
				45F70C852D3BB5CA00082294 /* MangaInCollectionDetailStatus.swift in Sources */,
				45E1A37E2D2414400071230E /* FilterSelectionView.swift in Sources */,
				453EF6752D1D734F001E6478 /* URL.swift in Sources */,
				45F70C522D39997D00082294 /* AuthorRow.swift in Sources */,
				459581222D2A985B007F295F /* OrderByToolbar.swift in Sources */,
				45E7E8A82D416EFC0070CD53 /* ExploreRow.swift in Sources */,
				45F70C8D2D3D10C300082294 /* BestMangaRowIPad.swift in Sources */,
				45AE9B1D2D1EA76E00B7CC6B /* Genre.swift in Sources */,
				45F70C892D3BBBC600082294 /* EditingMangaVolumeSection.swift in Sources */,
				45F70C5A2D399A5C00082294 /* HeaderSectionView.swift in Sources */,
				45F70C8B2D3BC08A00082294 /* MangaRemoveAlert.swift in Sources */,
				453EF6842D1DCE51001E6478 /* RepositoryRemoteProtocol.swift in Sources */,
				45059F672D1EC53600D75D8E /* MangaGridCachedImageView.swift in Sources */,
				453EF6822D1DC9C8001E6478 /* NetworkInteractor.swift in Sources */,
				453EF67C2D1D7B3C001E6478 /* URLRequest.swift in Sources */,
				453EF65E2D1D5DA9001E6478 /* Metadata.swift in Sources */,
				45F70C692D3ADE2E00082294 /* MangaDetailSinopsysView.swift in Sources */,
				4595810B2D299A75007F295F /* MangaInCollectionDetailView.swift in Sources */,
				45F70C462D3973E300082294 /* Text.swift in Sources */,
				45F70C7B2D3AEA6D00082294 /* FilterByTitleAuthorView.swift in Sources */,
				45E1A3842D2418130071230E /* FilterOptionCases.swift in Sources */,
				4595810D2D29B113007F295F /* EditingMangaInCollectionSheetView.swift in Sources */,
				45E1A38E2D280DBF0071230E /* CollectionView.swift in Sources */,
				45F70C672D3ADCF700082294 /* MangaDetailInfoView.swift in Sources */,
				45F70C402D39331600082294 /* ExploreViewIpad.swift in Sources */,
				45F70C342D392E3600082294 /* EntryViewIPad.swift in Sources */,
				45F70C4A2D398A5F00082294 /* Label.swift in Sources */,
				45F70C442D39726F00082294 /* CollectionViewIPad.swift in Sources */,
				45C2540F2D285D5F0015FFA7 /* RepositoryLocal.swift in Sources */,
				45E7E8A62D40F53E0070CD53 /* ExploreMangasByView.swift in Sources */,
				45F70C832D3BB5B700082294 /* MangaInCollectionDetailMainInfo.swift in Sources */,
				45F70C962D3FC17F00082294 /* MangaContextMenu.swift in Sources */,
				453EF67A2D1D7B18001E6478 /* HTTPMethod.swift in Sources */,
				453EF6882D1DD3E7001E6478 /* MangasViewModel.swift in Sources */,
				45F70C482D3985D000082294 /* ProgressView.swift in Sources */,
				45059F5F2D1EBF2F00D75D8E /* CachedImageViewModel.swift in Sources */,
				453EF6602D1D5DD7001E6478 /* Author.swift in Sources */,
				45059F692D1EC61F00D75D8E /* PreviewData.swift in Sources */,
				453EF6662D1D5ECA001E6478 /* ThemeCases.swift in Sources */,
				45F70C7F2D3AEC9F00082294 /* MangaAddToCollectionButton.swift in Sources */,
				45F70C812D3BB57200082294 /* MangaInCollectionDetailInfoView.swift in Sources */,
				45F70C4C2D398D7400082294 /* MangaRow.swift in Sources */,
				45AE9B1F2D1EA7E400B7CC6B /* Theme.swift in Sources */,
				453EF6772D1D7786001E6478 /* Endpoints.swift in Sources */,
				45F70C3E2D39311C00082294 /* MangaGridCachedImageViewIPad.swift in Sources */,
				45C2540D2D285C620015FFA7 /* MangaInCollection.swift in Sources */,
				453EF66C2D1D634A001E6478 /* PaginatedMangaResponse.swift in Sources */,
				45E1A37C2D23F5980071230E /* CustomSearchViewModel.swift in Sources */,
				45F70C212D367A5900082294 /* ExploreOptions.swift in Sources */,
				45059F652D1EBFCF00D75D8E /* Image.swift in Sources */,
				4595810F2D29B157007F295F /* MyCollectionEditViewModel.swift in Sources */,
				45AE9B212D1EA7EF00B7CC6B /* Demographic.swift in Sources */,
				45F70C5C2D3AC56D00082294 /* SubmenuExploreView.swift in Sources */,
				45F70C622D3AD48300082294 /* MyCollectionIsEmptyView.swift in Sources */,
				453EF6802D1DC75A001E6478 /* NetworkError.swift in Sources */,
				45F70C422D39386800082294 /* MangaListCachedImageViewIpad.swift in Sources */,
				45F70C502D39996200082294 /* ExploreMangaRow.swift in Sources */,
				453EF6502D1ACF23001E6478 /* MisMangasApp.swift in Sources */,
				45F70C642D3ADBA600082294 /* MangadetailImageView.swift in Sources */,
				45BD12202D23F49D0091707B /* CustomSearch.swift in Sources */,
				45F70C792D3AEA4A00082294 /* FilterByThemeView.swift in Sources */,
				453EF6622D1D5E6A001E6478 /* GenreCases.swift in Sources */,
				45F70C6D2D3ADFCE00082294 /* MangaDetailGenresThemesView.swift in Sources */,
				45059F5D2D1EBB9C00D75D8E /* RepositoryRemotePreview.swift in Sources */,
				45059F6B2D1F1C1600D75D8E /* MangaDetailView.swift in Sources */,
				453EF6862D1DCF5A001E6478 /* RepositoryRemote.swift in Sources */,
				45F70C772D3AEA1B00082294 /* FilterByDemographicsView.swift in Sources */,
			);
			runOnlyForDeploymentPostprocessing = 0;
		};
/* End PBXSourcesBuildPhase section */

/* Begin XCBuildConfiguration section */
		453EF6422D1ACE9A001E6478 /* Debug */ = {
			isa = XCBuildConfiguration;
			buildSettings = {
				ALWAYS_SEARCH_USER_PATHS = NO;
				ASSETCATALOG_COMPILER_GENERATE_SWIFT_ASSET_SYMBOL_EXTENSIONS = YES;
				CLANG_ANALYZER_NONNULL = YES;
				CLANG_ANALYZER_NUMBER_OBJECT_CONVERSION = YES_AGGRESSIVE;
				CLANG_CXX_LANGUAGE_STANDARD = "gnu++20";
				CLANG_ENABLE_MODULES = YES;
				CLANG_ENABLE_OBJC_ARC = YES;
				CLANG_ENABLE_OBJC_WEAK = YES;
				CLANG_WARN_BLOCK_CAPTURE_AUTORELEASING = YES;
				CLANG_WARN_BOOL_CONVERSION = YES;
				CLANG_WARN_COMMA = YES;
				CLANG_WARN_CONSTANT_CONVERSION = YES;
				CLANG_WARN_DEPRECATED_OBJC_IMPLEMENTATIONS = YES;
				CLANG_WARN_DIRECT_OBJC_ISA_USAGE = YES_ERROR;
				CLANG_WARN_DOCUMENTATION_COMMENTS = YES;
				CLANG_WARN_EMPTY_BODY = YES;
				CLANG_WARN_ENUM_CONVERSION = YES;
				CLANG_WARN_INFINITE_RECURSION = YES;
				CLANG_WARN_INT_CONVERSION = YES;
				CLANG_WARN_NON_LITERAL_NULL_CONVERSION = YES;
				CLANG_WARN_OBJC_IMPLICIT_RETAIN_SELF = YES;
				CLANG_WARN_OBJC_LITERAL_CONVERSION = YES;
				CLANG_WARN_OBJC_ROOT_CLASS = YES_ERROR;
				CLANG_WARN_QUOTED_INCLUDE_IN_FRAMEWORK_HEADER = YES;
				CLANG_WARN_RANGE_LOOP_ANALYSIS = YES;
				CLANG_WARN_STRICT_PROTOTYPES = YES;
				CLANG_WARN_SUSPICIOUS_MOVE = YES;
				CLANG_WARN_UNGUARDED_AVAILABILITY = YES_AGGRESSIVE;
				CLANG_WARN_UNREACHABLE_CODE = YES;
				CLANG_WARN__DUPLICATE_METHOD_MATCH = YES;
				COPY_PHASE_STRIP = NO;
				DEBUG_INFORMATION_FORMAT = dwarf;
				ENABLE_STRICT_OBJC_MSGSEND = YES;
				ENABLE_TESTABILITY = YES;
				ENABLE_USER_SCRIPT_SANDBOXING = YES;
				GCC_C_LANGUAGE_STANDARD = gnu17;
				GCC_DYNAMIC_NO_PIC = NO;
				GCC_NO_COMMON_BLOCKS = YES;
				GCC_OPTIMIZATION_LEVEL = 0;
				GCC_PREPROCESSOR_DEFINITIONS = (
					"DEBUG=1",
					"$(inherited)",
				);
				GCC_WARN_64_TO_32_BIT_CONVERSION = YES;
				GCC_WARN_ABOUT_RETURN_TYPE = YES_ERROR;
				GCC_WARN_UNDECLARED_SELECTOR = YES;
				GCC_WARN_UNINITIALIZED_AUTOS = YES_AGGRESSIVE;
				GCC_WARN_UNUSED_FUNCTION = YES;
				GCC_WARN_UNUSED_VARIABLE = YES;
				IPHONEOS_DEPLOYMENT_TARGET = 18.2;
				LOCALIZATION_PREFERS_STRING_CATALOGS = YES;
				MTL_ENABLE_DEBUG_INFO = INCLUDE_SOURCE;
				MTL_FAST_MATH = YES;
				ONLY_ACTIVE_ARCH = YES;
				SDKROOT = iphoneos;
				SWIFT_ACTIVE_COMPILATION_CONDITIONS = "DEBUG $(inherited)";
				SWIFT_EMIT_LOC_STRINGS = YES;
				SWIFT_OPTIMIZATION_LEVEL = "-Onone";
				SWIFT_VERSION = 6.0;
			};
			name = Debug;
		};
		453EF6432D1ACE9A001E6478 /* Release */ = {
			isa = XCBuildConfiguration;
			buildSettings = {
				ALWAYS_SEARCH_USER_PATHS = NO;
				ASSETCATALOG_COMPILER_GENERATE_SWIFT_ASSET_SYMBOL_EXTENSIONS = YES;
				CLANG_ANALYZER_NONNULL = YES;
				CLANG_ANALYZER_NUMBER_OBJECT_CONVERSION = YES_AGGRESSIVE;
				CLANG_CXX_LANGUAGE_STANDARD = "gnu++20";
				CLANG_ENABLE_MODULES = YES;
				CLANG_ENABLE_OBJC_ARC = YES;
				CLANG_ENABLE_OBJC_WEAK = YES;
				CLANG_WARN_BLOCK_CAPTURE_AUTORELEASING = YES;
				CLANG_WARN_BOOL_CONVERSION = YES;
				CLANG_WARN_COMMA = YES;
				CLANG_WARN_CONSTANT_CONVERSION = YES;
				CLANG_WARN_DEPRECATED_OBJC_IMPLEMENTATIONS = YES;
				CLANG_WARN_DIRECT_OBJC_ISA_USAGE = YES_ERROR;
				CLANG_WARN_DOCUMENTATION_COMMENTS = YES;
				CLANG_WARN_EMPTY_BODY = YES;
				CLANG_WARN_ENUM_CONVERSION = YES;
				CLANG_WARN_INFINITE_RECURSION = YES;
				CLANG_WARN_INT_CONVERSION = YES;
				CLANG_WARN_NON_LITERAL_NULL_CONVERSION = YES;
				CLANG_WARN_OBJC_IMPLICIT_RETAIN_SELF = YES;
				CLANG_WARN_OBJC_LITERAL_CONVERSION = YES;
				CLANG_WARN_OBJC_ROOT_CLASS = YES_ERROR;
				CLANG_WARN_QUOTED_INCLUDE_IN_FRAMEWORK_HEADER = YES;
				CLANG_WARN_RANGE_LOOP_ANALYSIS = YES;
				CLANG_WARN_STRICT_PROTOTYPES = YES;
				CLANG_WARN_SUSPICIOUS_MOVE = YES;
				CLANG_WARN_UNGUARDED_AVAILABILITY = YES_AGGRESSIVE;
				CLANG_WARN_UNREACHABLE_CODE = YES;
				CLANG_WARN__DUPLICATE_METHOD_MATCH = YES;
				COPY_PHASE_STRIP = NO;
				DEBUG_INFORMATION_FORMAT = "dwarf-with-dsym";
				ENABLE_NS_ASSERTIONS = NO;
				ENABLE_STRICT_OBJC_MSGSEND = YES;
				ENABLE_USER_SCRIPT_SANDBOXING = YES;
				GCC_C_LANGUAGE_STANDARD = gnu17;
				GCC_NO_COMMON_BLOCKS = YES;
				GCC_WARN_64_TO_32_BIT_CONVERSION = YES;
				GCC_WARN_ABOUT_RETURN_TYPE = YES_ERROR;
				GCC_WARN_UNDECLARED_SELECTOR = YES;
				GCC_WARN_UNINITIALIZED_AUTOS = YES_AGGRESSIVE;
				GCC_WARN_UNUSED_FUNCTION = YES;
				GCC_WARN_UNUSED_VARIABLE = YES;
				IPHONEOS_DEPLOYMENT_TARGET = 18.2;
				LOCALIZATION_PREFERS_STRING_CATALOGS = YES;
				MTL_ENABLE_DEBUG_INFO = NO;
				MTL_FAST_MATH = YES;
				SDKROOT = iphoneos;
				SWIFT_COMPILATION_MODE = wholemodule;
				SWIFT_EMIT_LOC_STRINGS = YES;
				SWIFT_VERSION = 6.0;
				VALIDATE_PRODUCT = YES;
			};
			name = Release;
		};
		453EF6452D1ACE9A001E6478 /* Debug */ = {
			isa = XCBuildConfiguration;
			buildSettings = {
				ASSETCATALOG_COMPILER_APPICON_NAME = AppIcon;
				ASSETCATALOG_COMPILER_GLOBAL_ACCENT_COLOR_NAME = AccentColor;
				CODE_SIGN_STYLE = Automatic;
				CURRENT_PROJECT_VERSION = 1;
				DEVELOPMENT_ASSET_PATHS = "\"MisMangas/Preview Content\"";
				DEVELOPMENT_TEAM = 8MU6QHY59H;
				ENABLE_PREVIEWS = YES;
				GENERATE_INFOPLIST_FILE = YES;
				INFOPLIST_FILE = MisMangas/Info.plist;
				INFOPLIST_KEY_CFBundleDisplayName = "Manga Master";
				INFOPLIST_KEY_LSApplicationCategoryType = "public.app-category.books";
				INFOPLIST_KEY_UIApplicationSceneManifest_Generation = YES;
				INFOPLIST_KEY_UIApplicationSupportsIndirectInputEvents = YES;
				INFOPLIST_KEY_UILaunchScreen_Generation = YES;
				INFOPLIST_KEY_UISupportedInterfaceOrientations = UIInterfaceOrientationPortrait;
				LD_RUNPATH_SEARCH_PATHS = (
					"$(inherited)",
					"@executable_path/Frameworks",
				);
				MARKETING_VERSION = 1.0;
				PRODUCT_BUNDLE_IDENTIFIER = dev.ruben.MisMangas;
				PRODUCT_NAME = "$(TARGET_NAME)";
				SUPPORTED_PLATFORMS = "iphoneos iphonesimulator";
				SUPPORTS_MACCATALYST = NO;
				SUPPORTS_MAC_DESIGNED_FOR_IPHONE_IPAD = NO;
				SUPPORTS_XR_DESIGNED_FOR_IPHONE_IPAD = NO;
				SWIFT_EMIT_LOC_STRINGS = YES;
				SWIFT_VERSION = 6.0;
				TARGETED_DEVICE_FAMILY = "1,2";
			};
			name = Debug;
		};
		453EF6462D1ACE9A001E6478 /* Release */ = {
			isa = XCBuildConfiguration;
			buildSettings = {
				ASSETCATALOG_COMPILER_APPICON_NAME = AppIcon;
				ASSETCATALOG_COMPILER_GLOBAL_ACCENT_COLOR_NAME = AccentColor;
				CODE_SIGN_STYLE = Automatic;
				CURRENT_PROJECT_VERSION = 1;
				DEVELOPMENT_ASSET_PATHS = "\"MisMangas/Preview Content\"";
				DEVELOPMENT_TEAM = 8MU6QHY59H;
				ENABLE_PREVIEWS = YES;
				GENERATE_INFOPLIST_FILE = YES;
				INFOPLIST_FILE = MisMangas/Info.plist;
				INFOPLIST_KEY_CFBundleDisplayName = "Manga Master";
				INFOPLIST_KEY_LSApplicationCategoryType = "public.app-category.books";
				INFOPLIST_KEY_UIApplicationSceneManifest_Generation = YES;
				INFOPLIST_KEY_UIApplicationSupportsIndirectInputEvents = YES;
				INFOPLIST_KEY_UILaunchScreen_Generation = YES;
				INFOPLIST_KEY_UISupportedInterfaceOrientations = UIInterfaceOrientationPortrait;
				LD_RUNPATH_SEARCH_PATHS = (
					"$(inherited)",
					"@executable_path/Frameworks",
				);
				MARKETING_VERSION = 1.0;
				PRODUCT_BUNDLE_IDENTIFIER = dev.ruben.MisMangas;
				PRODUCT_NAME = "$(TARGET_NAME)";
				SUPPORTED_PLATFORMS = "iphoneos iphonesimulator";
				SUPPORTS_MACCATALYST = NO;
				SUPPORTS_MAC_DESIGNED_FOR_IPHONE_IPAD = NO;
				SUPPORTS_XR_DESIGNED_FOR_IPHONE_IPAD = NO;
				SWIFT_EMIT_LOC_STRINGS = YES;
				SWIFT_VERSION = 6.0;
				TARGETED_DEVICE_FAMILY = "1,2";
			};
			name = Release;
		};
/* End XCBuildConfiguration section */

/* Begin XCConfigurationList section */
		453EF6312D1ACE99001E6478 /* Build configuration list for PBXProject "MisMangas" */ = {
			isa = XCConfigurationList;
			buildConfigurations = (
				453EF6422D1ACE9A001E6478 /* Debug */,
				453EF6432D1ACE9A001E6478 /* Release */,
			);
			defaultConfigurationIsVisible = 0;
			defaultConfigurationName = Release;
		};
		453EF6442D1ACE9A001E6478 /* Build configuration list for PBXNativeTarget "MisMangas" */ = {
			isa = XCConfigurationList;
			buildConfigurations = (
				453EF6452D1ACE9A001E6478 /* Debug */,
				453EF6462D1ACE9A001E6478 /* Release */,
			);
			defaultConfigurationIsVisible = 0;
			defaultConfigurationName = Release;
		};
/* End XCConfigurationList section */
	};
	rootObject = 453EF62E2D1ACE99001E6478 /* Project object */;
}
